
Microsoft Visual Studio Solution File, Format Version 12.00
# Visual Studio Version 16
VisualStudioVersion = 16.0.30011.22
MinimumVisualStudioVersion = 10.0.40219.1
Project("{FAE04EC0-301F-11D3-BF4B-00C04F79EFBC}") = "CarBooking", "CarBooking\CarBooking.csproj", "{2DD163D6-A1AB-4E80-930F-E4D063B473E3}"
EndProject
Global
	GlobalSection(SolutionConfigurationPlatforms) = preSolution
		Debug|Any CPU = Debug|Any CPU
		Release|Any CPU = Release|Any CPU
	EndGlobalSection
	GlobalSection(ProjectConfigurationPlatforms) = postSolution
		{2DD163D6-A1AB-4E80-930F-E4D063B473E3}.Debug|Any CPU.ActiveCfg = Debug|Any CPU
		{2DD163D6-A1AB-4E80-930F-E4D063B473E3}.Debug|Any CPU.Build.0 = Debug|Any CPU
		{2DD163D6-A1AB-4E80-930F-E4D063B473E3}.Release|Any CPU.ActiveCfg = Release|Any CPU
		{2DD163D6-A1AB-4E80-930F-E4D063B473E3}.Release|Any CPU.Build.0 = Release|Any CPU
	EndGlobalSection
	GlobalSection(SolutionProperties) = preSolution
		HideSolutionNode = FALSE
	EndGlobalSection
	GlobalSection(ExtensibilityGlobals) = postSolution
		SolutionGuid = {EE9192BE-F82B-4850-9D39-2F063381BAF1}
	EndGlobalSection
EndGlobal
